
Microsoft Visual Studio Solution File, Format Version 12.00
# Visual Studio Version 17
VisualStudioVersion = 17.3.32804.467
MinimumVisualStudioVersion = 10.0.40219.1
Project("{9A19103F-16F7-4668-BE54-9A1E7A4F7556}") = "ProxyFn", "ProxyFn.csproj", "{8017611A-8B32-4ECE-9107-6C55064ECFAF}"
EndProject
Global
	GlobalSection(SolutionConfigurationPlatforms) = preSolution
		Debug|Any CPU = Debug|Any CPU
		Release|Any CPU = Release|Any CPU
	EndGlobalSection
	GlobalSection(ProjectConfigurationPlatforms) = postSolution
		{8017611A-8B32-4ECE-9107-6C55064ECFAF}.Debug|Any CPU.ActiveCfg = Debug|Any CPU
		{8017611A-8B32-4ECE-9107-6C55064ECFAF}.Debug|Any CPU.Build.0 = Debug|Any CPU
		{8017611A-8B32-4ECE-9107-6C55064ECFAF}.Release|Any CPU.ActiveCfg = Release|Any CPU
		{8017611A-8B32-4ECE-9107-6C55064ECFAF}.Release|Any CPU.Build.0 = Release|Any CPU
	EndGlobalSection
	GlobalSection(SolutionProperties) = preSolution
		HideSolutionNode = FALSE
	EndGlobalSection
	GlobalSection(ExtensibilityGlobals) = postSolution
		SolutionGuid = {D5864418-714C-4F5E-A2F1-D2B0C9B2E49E}
	EndGlobalSection
EndGlobal
